// !$*UTF8*$!
{
	archiveVersion = 1;
	classes = {
	};
	objectVersion = 46;
	objects = {

/* Begin PBXBuildFile section */
		25C4F33C1BD4BF85006CCEDB /* AppDelegate.swift in Sources */ = {isa = PBXBuildFile; fileRef = 25C4F33B1BD4BF85006CCEDB /* AppDelegate.swift */; };
		25C4F33E1BD4BF85006CCEDB /* ViewController.swift in Sources */ = {isa = PBXBuildFile; fileRef = 25C4F33D1BD4BF85006CCEDB /* ViewController.swift */; };
		25C4F3411BD4BF85006CCEDB /* Main.storyboard in Resources */ = {isa = PBXBuildFile; fileRef = 25C4F33F1BD4BF85006CCEDB /* Main.storyboard */; };
		25C4F3441BD4BF85006CCEDB /* MapTutorial.xcdatamodeld in Sources */ = {isa = PBXBuildFile; fileRef = 25C4F3421BD4BF85006CCEDB /* MapTutorial.xcdatamodeld */; };
		25C4F3461BD4BF85006CCEDB /* Assets.xcassets in Resources */ = {isa = PBXBuildFile; fileRef = 25C4F3451BD4BF85006CCEDB /* Assets.xcassets */; };
		25C4F3491BD4BF85006CCEDB /* LaunchScreen.storyboard in Resources */ = {isa = PBXBuildFile; fileRef = 25C4F3471BD4BF85006CCEDB /* LaunchScreen.storyboard */; };
		25C4F3531BD64942006CCEDB /* DragPinsOnMapController.swift in Sources */ = {isa = PBXBuildFile; fileRef = 25C4F3521BD64942006CCEDB /* DragPinsOnMapController.swift */; settings = {ASSET_TAGS = (); }; };
		25C4F3551BD64B75006CCEDB /* CurrentLocationController.swift in Sources */ = {isa = PBXBuildFile; fileRef = 25C4F3541BD64B75006CCEDB /* CurrentLocationController.swift */; settings = {ASSET_TAGS = (); }; };
		25F51D801BD74968007BE1E8 /* ReservationController.swift in Sources */ = {isa = PBXBuildFile; fileRef = 25F51D7F1BD74968007BE1E8 /* ReservationController.swift */; settings = {ASSET_TAGS = (); }; };
/* End PBXBuildFile section */

/* Begin PBXFileReference section */
		25C4F3381BD4BF85006CCEDB /* MapTutorial.app */ = {isa = PBXFileReference; explicitFileType = wrapper.application; includeInIndex = 0; path = MapTutorial.app; sourceTree = BUILT_PRODUCTS_DIR; };
		25C4F33B1BD4BF85006CCEDB /* AppDelegate.swift */ = {isa = PBXFileReference; lastKnownFileType = sourcecode.swift; name = AppDelegate.swift; path = MapTutorial/AppDelegate.swift; sourceTree = "<group>"; };
		25C4F33D1BD4BF85006CCEDB /* ViewController.swift */ = {isa = PBXFileReference; lastKnownFileType = sourcecode.swift; path = ViewController.swift; sourceTree = "<group>"; };
		25C4F3401BD4BF85006CCEDB /* Base */ = {isa = PBXFileReference; lastKnownFileType = file.storyboard; name = Base; path = Base.lproj/Main.storyboard; sourceTree = "<group>"; };
		25C4F3431BD4BF85006CCEDB /* MapTutorial.xcdatamodel */ = {isa = PBXFileReference; lastKnownFileType = wrapper.xcdatamodel; path = MapTutorial.xcdatamodel; sourceTree = "<group>"; };
		25C4F3451BD4BF85006CCEDB /* Assets.xcassets */ = {isa = PBXFileReference; lastKnownFileType = folder.assetcatalog; name = Assets.xcassets; path = MapTutorial/Assets.xcassets; sourceTree = "<group>"; };
		25C4F3481BD4BF85006CCEDB /* Base */ = {isa = PBXFileReference; lastKnownFileType = file.storyboard; name = Base; path = Base.lproj/LaunchScreen.storyboard; sourceTree = "<group>"; };
		25C4F34A1BD4BF85006CCEDB /* Info.plist */ = {isa = PBXFileReference; lastKnownFileType = text.plist.xml; name = Info.plist; path = MapTutorial/Info.plist; sourceTree = "<group>"; };
		25C4F3521BD64942006CCEDB /* DragPinsOnMapController.swift */ = {isa = PBXFileReference; fileEncoding = 4; lastKnownFileType = sourcecode.swift; path = DragPinsOnMapController.swift; sourceTree = "<group>"; };
		25C4F3541BD64B75006CCEDB /* CurrentLocationController.swift */ = {isa = PBXFileReference; fileEncoding = 4; lastKnownFileType = sourcecode.swift; path = CurrentLocationController.swift; sourceTree = "<group>"; };
		25F51D7F1BD74968007BE1E8 /* ReservationController.swift */ = {isa = PBXFileReference; fileEncoding = 4; lastKnownFileType = sourcecode.swift; path = ReservationController.swift; sourceTree = "<group>"; };
/* End PBXFileReference section */

/* Begin PBXFrameworksBuildPhase section */
		25C4F3351BD4BF85006CCEDB /* Frameworks */ = {
			isa = PBXFrameworksBuildPhase;
			buildActionMask = 2147483647;
			files = (
			);
			runOnlyForDeploymentPostprocessing = 0;
		};
/* End PBXFrameworksBuildPhase section */

/* Begin PBXGroup section */
		25C4F32F1BD4BF85006CCEDB = {
			isa = PBXGroup;
			children = (
				25C4F33A1BD4BF85006CCEDB /* MapTutorial */,
				25C4F3501BD4BF91006CCEDB /* bundle */,
				25C4F3511BD4BFEF006CCEDB /* UI */,
				25C4F3391BD4BF85006CCEDB /* Products */,
			);
			sourceTree = "<group>";
		};
		25C4F3391BD4BF85006CCEDB /* Products */ = {
			isa = PBXGroup;
			children = (
				25C4F3381BD4BF85006CCEDB /* MapTutorial.app */,
			);
			name = Products;
			sourceTree = "<group>";
		};
		25C4F33A1BD4BF85006CCEDB /* MapTutorial */ = {
			isa = PBXGroup;
			children = (
				25C4F33D1BD4BF85006CCEDB /* ViewController.swift */,
				25C4F3541BD64B75006CCEDB /* CurrentLocationController.swift */,
				25C4F3521BD64942006CCEDB /* DragPinsOnMapController.swift */,
				25F51D7F1BD74968007BE1E8 /* ReservationController.swift */,
			);
			path = MapTutorial;
			sourceTree = "<group>";
		};
		25C4F3501BD4BF91006CCEDB /* bundle */ = {
			isa = PBXGroup;
			children = (
				25C4F33B1BD4BF85006CCEDB /* AppDelegate.swift */,
				25C4F3451BD4BF85006CCEDB /* Assets.xcassets */,
				25C4F34A1BD4BF85006CCEDB /* Info.plist */,
				25C4F3421BD4BF85006CCEDB /* MapTutorial.xcdatamodeld */,
			);
			name = bundle;
			sourceTree = "<group>";
		};
		25C4F3511BD4BFEF006CCEDB /* UI */ = {
			isa = PBXGroup;
			children = (
				25C4F33F1BD4BF85006CCEDB /* Main.storyboard */,
				25C4F3471BD4BF85006CCEDB /* LaunchScreen.storyboard */,
			);
			name = UI;
			path = MapTutorial;
			sourceTree = "<group>";
		};
/* End PBXGroup section */

/* Begin PBXNativeTarget section */
		25C4F3371BD4BF85006CCEDB /* MapTutorial */ = {
			isa = PBXNativeTarget;
			buildConfigurationList = 25C4F34D1BD4BF85006CCEDB /* Build configuration list for PBXNativeTarget "MapTutorial" */;
			buildPhases = (
				25C4F3341BD4BF85006CCEDB /* Sources */,
				25C4F3351BD4BF85006CCEDB /* Frameworks */,
				25C4F3361BD4BF85006CCEDB /* Resources */,
			);
			buildRules = (
			);
			dependencies = (
			);
			name = MapTutorial;
			productName = MapTutorial;
			productReference = 25C4F3381BD4BF85006CCEDB /* MapTutorial.app */;
			productType = "com.apple.product-type.application";
		};
/* End PBXNativeTarget section */

/* Begin PBXProject section */
		25C4F3301BD4BF85006CCEDB /* Project object */ = {
			isa = PBXProject;
			attributes = {
				LastUpgradeCheck = 0700;
				ORGANIZATIONNAME = "Yoonseung Choi";
				TargetAttributes = {
					25C4F3371BD4BF85006CCEDB = {
						CreatedOnToolsVersion = 7.0;
						DevelopmentTeam = VT98E7PBP6;
					};
				};
			};
			buildConfigurationList = 25C4F3331BD4BF85006CCEDB /* Build configuration list for PBXProject "MapTutorial" */;
			compatibilityVersion = "Xcode 3.2";
			developmentRegion = English;
			hasScannedForEncodings = 0;
			knownRegions = (
				en,
				Base,
			);
			mainGroup = 25C4F32F1BD4BF85006CCEDB;
			productRefGroup = 25C4F3391BD4BF85006CCEDB /* Products */;
			projectDirPath = "";
			projectRoot = "";
			targets = (
				25C4F3371BD4BF85006CCEDB /* MapTutorial */,
			);
		};
/* End PBXProject section */

/* Begin PBXResourcesBuildPhase section */
		25C4F3361BD4BF85006CCEDB /* Resources */ = {
			isa = PBXResourcesBuildPhase;
			buildActionMask = 2147483647;
			files = (
				25C4F3491BD4BF85006CCEDB /* LaunchScreen.storyboard in Resources */,
				25C4F3461BD4BF85006CCEDB /* Assets.xcassets in Resources */,
				25C4F3411BD4BF85006CCEDB /* Main.storyboard in Resources */,
			);
			runOnlyForDeploymentPostprocessing = 0;
		};
/* End PBXResourcesBuildPhase section */

/* Begin PBXSourcesBuildPhase section */
		25C4F3341BD4BF85006CCEDB /* Sources */ = {
			isa = PBXSourcesBuildPhase;
			buildActionMask = 2147483647;
			files = (
				25C4F3441BD4BF85006CCEDB /* MapTutorial.xcdatamodeld in Sources */,
				25C4F3551BD64B75006CCEDB /* CurrentLocationController.swift in Sources */,
				25C4F33E1BD4BF85006CCEDB /* ViewController.swift in Sources */,
				25C4F33C1BD4BF85006CCEDB /* AppDelegate.swift in Sources */,
				25F51D801BD74968007BE1E8 /* ReservationController.swift in Sources */,
				25C4F3531BD64942006CCEDB /* DragPinsOnMapController.swift in Sources */,
			);
			runOnlyForDeploymentPostprocessing = 0;
		};
/* End PBXSourcesBuildPhase section */

/* Begin PBXVariantGroup section */
		25C4F33F1BD4BF85006CCEDB /* Main.storyboard */ = {
			isa = PBXVariantGroup;
			children = (
				25C4F3401BD4BF85006CCEDB /* Base */,
			);
			name = Main.storyboard;
			sourceTree = "<group>";
		};
		25C4F3471BD4BF85006CCEDB /* LaunchScreen.storyboard */ = {
			isa = PBXVariantGroup;
			children = (
				25C4F3481BD4BF85006CCEDB /* Base */,
			);
			name = LaunchScreen.storyboard;
			sourceTree = "<group>";
		};
/* End PBXVariantGroup section */

/* Begin XCBuildConfiguration section */
		25C4F34B1BD4BF85006CCEDB /* Debug */ = {
			isa = XCBuildConfiguration;
			buildSettings = {
				ALWAYS_SEARCH_USER_PATHS = NO;
				CLANG_CXX_LANGUAGE_STANDARD = "gnu++0x";
				CLANG_CXX_LIBRARY = "libc++";
				CLANG_ENABLE_MODULES = YES;
				CLANG_ENABLE_OBJC_ARC = YES;
				CLANG_WARN_BOOL_CONVERSION = YES;
				CLANG_WARN_CONSTANT_CONVERSION = YES;
				CLANG_WARN_DIRECT_OBJC_ISA_USAGE = YES_ERROR;
				CLANG_WARN_EMPTY_BODY = YES;
				CLANG_WARN_ENUM_CONVERSION = YES;
				CLANG_WARN_INT_CONVERSION = YES;
				CLANG_WARN_OBJC_ROOT_CLASS = YES_ERROR;
				CLANG_WARN_UNREACHABLE_CODE = YES;
				CLANG_WARN__DUPLICATE_METHOD_MATCH = YES;
				"CODE_SIGN_IDENTITY[sdk=iphoneos*]" = "iPhone Developer";
				COPY_PHASE_STRIP = NO;
				DEBUG_INFORMATION_FORMAT = dwarf;
				ENABLE_STRICT_OBJC_MSGSEND = YES;
				ENABLE_TESTABILITY = YES;
				GCC_C_LANGUAGE_STANDARD = gnu99;
				GCC_DYNAMIC_NO_PIC = NO;
				GCC_NO_COMMON_BLOCKS = YES;
				GCC_OPTIMIZATION_LEVEL = 0;
				GCC_PREPROCESSOR_DEFINITIONS = (
					"DEBUG=1",
					"$(inherited)",
				);
				GCC_WARN_64_TO_32_BIT_CONVERSION = YES;
				GCC_WARN_ABOUT_RETURN_TYPE = YES_ERROR;
				GCC_WARN_UNDECLARED_SELECTOR = YES;
				GCC_WARN_UNINITIALIZED_AUTOS = YES_AGGRESSIVE;
				GCC_WARN_UNUSED_FUNCTION = YES;
				GCC_WARN_UNUSED_VARIABLE = YES;
				IPHONEOS_DEPLOYMENT_TARGET = 9.0;
				MTL_ENABLE_DEBUG_INFO = YES;
				ONLY_ACTIVE_ARCH = YES;
				SDKROOT = iphoneos;
				SWIFT_OPTIMIZATION_LEVEL = "-Onone";
			};
			name = Debug;
		};
		25C4F34C1BD4BF85006CCEDB /* Release */ = {
			isa = XCBuildConfiguration;
			buildSettings = {
				ALWAYS_SEARCH_USER_PATHS = NO;
				CLANG_CXX_LANGUAGE_STANDARD = "gnu++0x";
				CLANG_CXX_LIBRARY = "libc++";
				CLANG_ENABLE_MODULES = YES;
				CLANG_ENABLE_OBJC_ARC = YES;
				CLANG_WARN_BOOL_CONVERSION = YES;
				CLANG_WARN_CONSTANT_CONVERSION = YES;
				CLANG_WARN_DIRECT_OBJC_ISA_USAGE = YES_ERROR;
				CLANG_WARN_EMPTY_BODY = YES;
				CLANG_WARN_ENUM_CONVERSION = YES;
				CLANG_WARN_INT_CONVERSION = YES;
				CLANG_WARN_OBJC_ROOT_CLASS = YES_ERROR;
				CLANG_WARN_UNREACHABLE_CODE = YES;
				CLANG_WARN__DUPLICATE_METHOD_MATCH = YES;
				"CODE_SIGN_IDENTITY[sdk=iphoneos*]" = "iPhone Developer";
				COPY_PHASE_STRIP = NO;
				DEBUG_INFORMATION_FORMAT = "dwarf-with-dsym";
				ENABLE_NS_ASSERTIONS = NO;
				ENABLE_STRICT_OBJC_MSGSEND = YES;
				GCC_C_LANGUAGE_STANDARD = gnu99;
				GCC_NO_COMMON_BLOCKS = YES;
				GCC_WARN_64_TO_32_BIT_CONVERSION = YES;
				GCC_WARN_ABOUT_RETURN_TYPE = YES_ERROR;
				GCC_WARN_UNDECLARED_SELECTOR = YES;
				GCC_WARN_UNINITIALIZED_AUTOS = YES_AGGRESSIVE;
				GCC_WARN_UNUSED_FUNCTION = YES;
				GCC_WARN_UNUSED_VARIABLE = YES;
				IPHONEOS_DEPLOYMENT_TARGET = 9.0;
				MTL_ENABLE_DEBUG_INFO = NO;
				SDKROOT = iphoneos;
				VALIDATE_PRODUCT = YES;
			};
			name = Release;
		};
		25C4F34E1BD4BF85006CCEDB /* Debug */ = {
			isa = XCBuildConfiguration;
			buildSettings = {
				ASSETCATALOG_COMPILER_APPICON_NAME = AppIcon;
				INFOPLIST_FILE = MapTutorial/Info.plist;
				LD_RUNPATH_SEARCH_PATHS = "$(inherited) @executable_path/Frameworks";
				PRODUCT_BUNDLE_IDENTIFIER = john.MapTutorial;
				PRODUCT_NAME = "$(TARGET_NAME)";
			};
			name = Debug;
		};
		25C4F34F1BD4BF85006CCEDB /* Release */ = {
			isa = XCBuildConfiguration;
			buildSettings = {
				ASSETCATALOG_COMPILER_APPICON_NAME = AppIcon;
				INFOPLIST_FILE = MapTutorial/Info.plist;
				LD_RUNPATH_SEARCH_PATHS = "$(inherited) @executable_path/Frameworks";
				PRODUCT_BUNDLE_IDENTIFIER = john.MapTutorial;
				PRODUCT_NAME = "$(TARGET_NAME)";
			};
			name = Release;
		};
/* End XCBuildConfiguration section */

/* Begin XCConfigurationList section */
		25C4F3331BD4BF85006CCEDB /* Build configuration list for PBXProject "MapTutorial" */ = {
			isa = XCConfigurationList;
			buildConfigurations = (
				25C4F34B1BD4BF85006CCEDB /* Debug */,
				25C4F34C1BD4BF85006CCEDB /* Release */,
			);
			defaultConfigurationIsVisible = 0;
			defaultConfigurationName = Release;
		};
		25C4F34D1BD4BF85006CCEDB /* Build configuration list for PBXNativeTarget "MapTutorial" */ = {
			isa = XCConfigurationList;
			buildConfigurations = (
				25C4F34E1BD4BF85006CCEDB /* Debug */,
				25C4F34F1BD4BF85006CCEDB /* Release */,
			);
			defaultConfigurationIsVisible = 0;
			defaultConfigurationName = Release;
		};
/* End XCConfigurationList section */

/* Begin XCVersionGroup section */
		25C4F3421BD4BF85006CCEDB /* MapTutorial.xcdatamodeld */ = {
			isa = XCVersionGroup;
			children = (
				25C4F3431BD4BF85006CCEDB /* MapTutorial.xcdatamodel */,
			);
			currentVersion = 25C4F3431BD4BF85006CCEDB /* MapTutorial.xcdatamodel */;
			name = MapTutorial.xcdatamodeld;
			path = MapTutorial/MapTutorial.xcdatamodeld;
			sourceTree = "<group>";
			versionGroupType = wrapper.xcdatamodel;
		};
/* End XCVersionGroup section */
	};
	rootObject = 25C4F3301BD4BF85006CCEDB /* Project object */;
}
